
Microsoft Visual Studio Solution File, Format Version 12.00
# Visual Studio 15
VisualStudioVersion = 15.0.27428.2005
MinimumVisualStudioVersion = 10.0.40219.1
Project("{FAE04EC0-301F-11D3-BF4B-00C04F79EFBC}") = "Clock_Alarm", "Clock_Alarm\Clock_Alarm.csproj", "{4060DE8D-038A-454B-A46D-FFC86E38BA78}"
EndProject
Global
	GlobalSection(SolutionConfigurationPlatforms) = preSolution
		Debug|Any CPU = Debug|Any CPU
		Release|Any CPU = Release|Any CPU
	EndGlobalSection
	GlobalSection(ProjectConfigurationPlatforms) = postSolution
		{4060DE8D-038A-454B-A46D-FFC86E38BA78}.Debug|Any CPU.ActiveCfg = Debug|Any CPU
		{4060DE8D-038A-454B-A46D-FFC86E38BA78}.Debug|Any CPU.Build.0 = Debug|Any CPU
		{4060DE8D-038A-454B-A46D-FFC86E38BA78}.Release|Any CPU.ActiveCfg = Release|Any CPU
		{4060DE8D-038A-454B-A46D-FFC86E38BA78}.Release|Any CPU.Build.0 = Release|Any CPU
	EndGlobalSection
	GlobalSection(SolutionProperties) = preSolution
		HideSolutionNode = FALSE
	EndGlobalSection
	GlobalSection(ExtensibilityGlobals) = postSolution
		SolutionGuid = {882A3F28-A765-45D2-97C7-F3E308B30EE0}
	EndGlobalSection
EndGlobal
