
Microsoft Visual Studio Solution File, Format Version 12.00
# Visual Studio 15
VisualStudioVersion = 15.0.27428.2005
MinimumVisualStudioVersion = 10.0.40219.1
Project("{FAE04EC0-301F-11D3-BF4B-00C04F79EFBC}") = "Enumarable", "Enumarable\Enumarable.csproj", "{28DB8443-F428-41D5-ADA9-9972154D6948}"
EndProject
Global
	GlobalSection(SolutionConfigurationPlatforms) = preSolution
		Debug|Any CPU = Debug|Any CPU
		Release|Any CPU = Release|Any CPU
	EndGlobalSection
	GlobalSection(ProjectConfigurationPlatforms) = postSolution
		{28DB8443-F428-41D5-ADA9-9972154D6948}.Debug|Any CPU.ActiveCfg = Debug|Any CPU
		{28DB8443-F428-41D5-ADA9-9972154D6948}.Debug|Any CPU.Build.0 = Debug|Any CPU
		{28DB8443-F428-41D5-ADA9-9972154D6948}.Release|Any CPU.ActiveCfg = Release|Any CPU
		{28DB8443-F428-41D5-ADA9-9972154D6948}.Release|Any CPU.Build.0 = Release|Any CPU
	EndGlobalSection
	GlobalSection(SolutionProperties) = preSolution
		HideSolutionNode = FALSE
	EndGlobalSection
	GlobalSection(ExtensibilityGlobals) = postSolution
		SolutionGuid = {D0C85B02-6732-458B-9242-5B102AEAC583}
	EndGlobalSection
EndGlobal
